
Microsoft Visual Studio Solution File, Format Version 10.00
# Visual Studio 2008
Project("{FAE04EC0-301F-11D3-BF4B-00C04F79EFBC}") = "SSISCustomComponents", "SSISCustomComponents\SSISCustomComponents.csproj", "{7812F785-E387-4991-9D70-C582522B3A79}"
EndProject
Project("{D183A3D8-5FD8-494B-B014-37F57B35E655}") = "SSISCustomComponentsTest", "SSISCustomComponentsTest\SSISCustomComponentsTest.dtproj", "{C3F010D8-C5F2-4396-AD04-0B77198D6398}"
EndProject
Global
	GlobalSection(SolutionConfigurationPlatforms) = preSolution
		Debug|Any CPU = Debug|Any CPU
		Development|Any CPU = Development|Any CPU
		Release|Any CPU = Release|Any CPU
	EndGlobalSection
	GlobalSection(ProjectConfigurationPlatforms) = postSolution
		{7812F785-E387-4991-9D70-C582522B3A79}.Debug|Any CPU.ActiveCfg = Debug|Any CPU
		{7812F785-E387-4991-9D70-C582522B3A79}.Debug|Any CPU.Build.0 = Debug|Any CPU
		{7812F785-E387-4991-9D70-C582522B3A79}.Development|Any CPU.ActiveCfg = Debug|Any CPU
		{7812F785-E387-4991-9D70-C582522B3A79}.Development|Any CPU.Build.0 = Debug|Any CPU
		{7812F785-E387-4991-9D70-C582522B3A79}.Release|Any CPU.ActiveCfg = Release|Any CPU
		{7812F785-E387-4991-9D70-C582522B3A79}.Release|Any CPU.Build.0 = Release|Any CPU
		{C3F010D8-C5F2-4396-AD04-0B77198D6398}.Debug|Any CPU.ActiveCfg = Development
		{C3F010D8-C5F2-4396-AD04-0B77198D6398}.Debug|Any CPU.Build.0 = Development
		{C3F010D8-C5F2-4396-AD04-0B77198D6398}.Development|Any CPU.ActiveCfg = Development
		{C3F010D8-C5F2-4396-AD04-0B77198D6398}.Development|Any CPU.Build.0 = Development
		{C3F010D8-C5F2-4396-AD04-0B77198D6398}.Release|Any CPU.ActiveCfg = Development
		{C3F010D8-C5F2-4396-AD04-0B77198D6398}.Release|Any CPU.Build.0 = Development
	EndGlobalSection
	GlobalSection(SolutionProperties) = preSolution
		HideSolutionNode = FALSE
	EndGlobalSection
EndGlobal
